
Microsoft Visual Studio Solution File, Format Version 12.00
# Visual Studio Version 17
VisualStudioVersion = 17.3.32901.215
MinimumVisualStudioVersion = 10.0.40219.1
Project("{FAE04EC0-301F-11D3-BF4B-00C04F79EFBC}") = "W1.Server", "Server\W1.Server.csproj", "{A87BDC28-494A-43F6-A484-A653F3044F6F}"
EndProject
Project("{FAE04EC0-301F-11D3-BF4B-00C04F79EFBC}") = "W1.Client", "Client\W1.Client.csproj", "{5279AA95-EDA2-486D-946B-4A4DFF5E4C9E}"
EndProject
Project("{FAE04EC0-301F-11D3-BF4B-00C04F79EFBC}") = "W1.Shared", "Shared\W1.Shared.csproj", "{79BDE72D-38D0-474E-9BE6-A777DCFA3F22}"
EndProject
Global
	GlobalSection(SolutionConfigurationPlatforms) = preSolution
		Debug|Any CPU = Debug|Any CPU
		Release|Any CPU = Release|Any CPU
	EndGlobalSection
	GlobalSection(ProjectConfigurationPlatforms) = postSolution
		{A87BDC28-494A-43F6-A484-A653F3044F6F}.Debug|Any CPU.ActiveCfg = Debug|Any CPU
		{A87BDC28-494A-43F6-A484-A653F3044F6F}.Debug|Any CPU.Build.0 = Debug|Any CPU
		{A87BDC28-494A-43F6-A484-A653F3044F6F}.Release|Any CPU.ActiveCfg = Release|Any CPU
		{A87BDC28-494A-43F6-A484-A653F3044F6F}.Release|Any CPU.Build.0 = Release|Any CPU
		{5279AA95-EDA2-486D-946B-4A4DFF5E4C9E}.Debug|Any CPU.ActiveCfg = Debug|Any CPU
		{5279AA95-EDA2-486D-946B-4A4DFF5E4C9E}.Debug|Any CPU.Build.0 = Debug|Any CPU
		{5279AA95-EDA2-486D-946B-4A4DFF5E4C9E}.Release|Any CPU.ActiveCfg = Release|Any CPU
		{5279AA95-EDA2-486D-946B-4A4DFF5E4C9E}.Release|Any CPU.Build.0 = Release|Any CPU
		{79BDE72D-38D0-474E-9BE6-A777DCFA3F22}.Debug|Any CPU.ActiveCfg = Debug|Any CPU
		{79BDE72D-38D0-474E-9BE6-A777DCFA3F22}.Debug|Any CPU.Build.0 = Debug|Any CPU
		{79BDE72D-38D0-474E-9BE6-A777DCFA3F22}.Release|Any CPU.ActiveCfg = Release|Any CPU
		{79BDE72D-38D0-474E-9BE6-A777DCFA3F22}.Release|Any CPU.Build.0 = Release|Any CPU
	EndGlobalSection
	GlobalSection(SolutionProperties) = preSolution
		HideSolutionNode = FALSE
	EndGlobalSection
	GlobalSection(ExtensibilityGlobals) = postSolution
		SolutionGuid = {2C877BCC-9589-4E4D-8953-4F9428AADA4B}
	EndGlobalSection
EndGlobal
